// !$*UTF8*$!
{
	archiveVersion = 1;
	classes = {
	};
	objectVersion = 46;
	objects = {

/* Begin PBXBuildFile section */
		955FE9061CD0788600D607AC /* UnityPurchasing.h in CopyFiles */ = {isa = PBXBuildFile; fileRef = 955FE9051CD0788600D607AC /* UnityPurchasing.h */; };
		955FE9081CD0788600D607AC /* UnityPurchasing.m in Sources */ = {isa = PBXBuildFile; fileRef = 955FE9071CD0788600D607AC /* UnityPurchasing.m */; };
/* End PBXBuildFile section */

/* Begin PBXCopyFilesBuildPhase section */
		955FE9001CD0788600D607AC /* CopyFiles */ = {
			isa = PBXCopyFilesBuildPhase;
			buildActionMask = 2147483647;
			dstPath = "include/$(PRODUCT_NAME)";
			dstSubfolderSpec = 16;
			files = (
				955FE9061CD0788600D607AC /* UnityPurchasing.h in CopyFiles */,
			);
			runOnlyForDeploymentPostprocessing = 0;
		};
/* End PBXCopyFilesBuildPhase section */

/* Begin PBXFileReference section */
		955FE9021CD0788600D607AC /* libUnityPurchasing.a */ = {isa = PBXFileReference; explicitFileType = archive.ar; includeInIndex = 0; path = libUnityPurchasing.a; sourceTree = BUILT_PRODUCTS_DIR; };
		955FE9051CD0788600D607AC /* UnityPurchasing.h */ = {isa = PBXFileReference; lastKnownFileType = sourcecode.c.h; path = UnityPurchasing.h; sourceTree = "<group>"; };
		955FE9071CD0788600D607AC /* UnityPurchasing.m */ = {isa = PBXFileReference; lastKnownFileType = sourcecode.c.objc; path = UnityPurchasing.m; sourceTree = "<group>"; };
/* End PBXFileReference section */

/* Begin PBXFrameworksBuildPhase section */
		955FE8FF1CD0788600D607AC /* Frameworks */ = {
			isa = PBXFrameworksBuildPhase;
			buildActionMask = 2147483647;
			files = (
			);
			runOnlyForDeploymentPostprocessing = 0;
		};
/* End PBXFrameworksBuildPhase section */

/* Begin PBXGroup section */
		955FE8F91CD0788600D607AC = {
			isa = PBXGroup;
			children = (
				955FE9041CD0788600D607AC /* UnityPurchasing */,
				955FE9031CD0788600D607AC /* Products */,
			);
			sourceTree = "<group>";
		};
		955FE9031CD0788600D607AC /* Products */ = {
			isa = PBXGroup;
			children = (
				955FE9021CD0788600D607AC /* libUnityPurchasing.a */,
			);
			name = Products;
			sourceTree = "<group>";
		};
		955FE9041CD0788600D607AC /* UnityPurchasing */ = {
			isa = PBXGroup;
			children = (
				955FE9051CD0788600D607AC /* UnityPurchasing.h */,
				955FE9071CD0788600D607AC /* UnityPurchasing.m */,
			);
			path = UnityPurchasing;
			sourceTree = "<group>";
		};
/* End PBXGroup section */

/* Begin PBXNativeTarget section */
		955FE9011CD0788600D607AC /* UnityPurchasing */ = {
			isa = PBXNativeTarget;
			buildConfigurationList = 955FE90B1CD0788600D607AC /* Build configuration list for PBXNativeTarget "UnityPurchasing" */;
			buildPhases = (
				955FE8FE1CD0788600D607AC /* Sources */,
				955FE8FF1CD0788600D607AC /* Frameworks */,
				955FE9001CD0788600D607AC /* CopyFiles */,
			);
			buildRules = (
			);
			dependencies = (
			);
			name = UnityPurchasing;
			productName = UnityPurchasing;
			productReference = 955FE9021CD0788600D607AC /* libUnityPurchasing.a */;
			productType = "com.apple.product-type.library.static";
		};
/* End PBXNativeTarget section */

/* Begin PBXProject section */
		955FE8FA1CD0788600D607AC /* Project object */ = {
			isa = PBXProject;
			attributes = {
				LastUpgradeCheck = 0730;
				ORGANIZATIONNAME = Donew;
				TargetAttributes = {
					955FE9011CD0788600D607AC = {
						CreatedOnToolsVersion = 7.3;
					};
				};
			};
			buildConfigurationList = 955FE8FD1CD0788600D607AC /* Build configuration list for PBXProject "UnityPurchasing" */;
			compatibilityVersion = "Xcode 3.2";
			developmentRegion = English;
			hasScannedForEncodings = 0;
			knownRegions = (
				en,
			);
			mainGroup = 955FE8F91CD0788600D607AC;
			productRefGroup = 955FE9031CD0788600D607AC /* Products */;
			projectDirPath = "";
			projectRoot = "";
			targets = (
				955FE9011CD0788600D607AC /* UnityPurchasing */,
			);
		};
/* End PBXProject section */

/* Begin PBXSourcesBuildPhase section */
		955FE8FE1CD0788600D607AC /* Sources */ = {
			isa = PBXSourcesBuildPhase;
			buildActionMask = 2147483647;
			files = (
				955FE9081CD0788600D607AC /* UnityPurchasing.m in Sources */,
			);
			runOnlyForDeploymentPostprocessing = 0;
		};
/* End PBXSourcesBuildPhase section */

/* Begin XCBuildConfiguration section */
		955FE9091CD0788600D607AC /* Debug */ = {
			isa = XCBuildConfiguration;
			buildSettings = {
				ALWAYS_SEARCH_USER_PATHS = NO;
				CLANG_ANALYZER_NONNULL = YES;
				CLANG_CXX_LANGUAGE_STANDARD = "gnu++0x";
				CLANG_CXX_LIBRARY = "libc++";
				CLANG_ENABLE_MODULES = YES;
				CLANG_ENABLE_OBJC_ARC = YES;
				CLANG_WARN_BOOL_CONVERSION = YES;
				CLANG_WARN_CONSTANT_CONVERSION = YES;
				CLANG_WARN_DIRECT_OBJC_ISA_USAGE = YES_ERROR;
				CLANG_WARN_EMPTY_BODY = YES;
				CLANG_WARN_ENUM_CONVERSION = YES;
				CLANG_WARN_INT_CONVERSION = YES;
				CLANG_WARN_OBJC_ROOT_CLASS = YES_ERROR;
				CLANG_WARN_UNREACHABLE_CODE = YES;
				CLANG_WARN__DUPLICATE_METHOD_MATCH = YES;
				"CODE_SIGN_IDENTITY[sdk=iphoneos*]" = "iPhone Developer";
				COPY_PHASE_STRIP = NO;
				DEBUG_INFORMATION_FORMAT = dwarf;
				ENABLE_STRICT_OBJC_MSGSEND = YES;
				ENABLE_TESTABILITY = YES;
				GCC_C_LANGUAGE_STANDARD = gnu99;
				GCC_DYNAMIC_NO_PIC = NO;
				GCC_NO_COMMON_BLOCKS = YES;
				GCC_OPTIMIZATION_LEVEL = 0;
				GCC_PREPROCESSOR_DEFINITIONS = (
					"DEBUG=1",
					"$(inherited)",
				);
				GCC_WARN_64_TO_32_BIT_CONVERSION = YES;
				GCC_WARN_ABOUT_RETURN_TYPE = YES_ERROR;
				GCC_WARN_UNDECLARED_SELECTOR = YES;
				GCC_WARN_UNINITIALIZED_AUTOS = YES_AGGRESSIVE;
				GCC_WARN_UNUSED_FUNCTION = YES;
				GCC_WARN_UNUSED_VARIABLE = YES;
				IPHONEOS_DEPLOYMENT_TARGET = 6.0;
				MTL_ENABLE_DEBUG_INFO = YES;
				ONLY_ACTIVE_ARCH = YES;
				SDKROOT = iphoneos;
			};
			name = Debug;
		};
		955FE90A1CD0788600D607AC /* Release */ = {
			isa = XCBuildConfiguration;
			buildSettings = {
				ALWAYS_SEARCH_USER_PATHS = NO;
				CLANG_ANALYZER_NONNULL = YES;
				CLANG_CXX_LANGUAGE_STANDARD = "gnu++0x";
				CLANG_CXX_LIBRARY = "libc++";
				CLANG_ENABLE_MODULES = YES;
				CLANG_ENABLE_OBJC_ARC = YES;
				CLANG_WARN_BOOL_CONVERSION = YES;
				CLANG_WARN_CONSTANT_CONVERSION = YES;
				CLANG_WARN_DIRECT_OBJC_ISA_USAGE = YES_ERROR;
				CLANG_WARN_EMPTY_BODY = YES;
				CLANG_WARN_ENUM_CONVERSION = YES;
				CLANG_WARN_INT_CONVERSION = YES;
				CLANG_WARN_OBJC_ROOT_CLASS = YES_ERROR;
				CLANG_WARN_UNREACHABLE_CODE = YES;
				CLANG_WARN__DUPLICATE_METHOD_MATCH = YES;
				"CODE_SIGN_IDENTITY[sdk=iphoneos*]" = "iPhone Developer";
				COPY_PHASE_STRIP = NO;
				DEBUG_INFORMATION_FORMAT = "dwarf-with-dsym";
				ENABLE_NS_ASSERTIONS = NO;
				ENABLE_STRICT_OBJC_MSGSEND = YES;
				GCC_C_LANGUAGE_STANDARD = gnu99;
				GCC_NO_COMMON_BLOCKS = YES;
				GCC_WARN_64_TO_32_BIT_CONVERSION = YES;
				GCC_WARN_ABOUT_RETURN_TYPE = YES_ERROR;
				GCC_WARN_UNDECLARED_SELECTOR = YES;
				GCC_WARN_UNINITIALIZED_AUTOS = YES_AGGRESSIVE;
				GCC_WARN_UNUSED_FUNCTION = YES;
				GCC_WARN_UNUSED_VARIABLE = YES;
				IPHONEOS_DEPLOYMENT_TARGET = 6.0;
				MTL_ENABLE_DEBUG_INFO = NO;
				SDKROOT = iphoneos;
				VALIDATE_PRODUCT = YES;
			};
			name = Release;
		};
		955FE90C1CD0788600D607AC /* Debug */ = {
			isa = XCBuildConfiguration;
			buildSettings = {
				OTHER_LDFLAGS = "-ObjC";
				PRODUCT_NAME = "$(TARGET_NAME)";
				SKIP_INSTALL = YES;
			};
			name = Debug;
		};
		955FE90D1CD0788600D607AC /* Release */ = {
			isa = XCBuildConfiguration;
			buildSettings = {
				OTHER_LDFLAGS = "-ObjC";
				PRODUCT_NAME = "$(TARGET_NAME)";
				SKIP_INSTALL = YES;
			};
			name = Release;
		};
/* End XCBuildConfiguration section */

/* Begin XCConfigurationList section */
		955FE8FD1CD0788600D607AC /* Build configuration list for PBXProject "UnityPurchasing" */ = {
			isa = XCConfigurationList;
			buildConfigurations = (
				955FE9091CD0788600D607AC /* Debug */,
				955FE90A1CD0788600D607AC /* Release */,
			);
			defaultConfigurationIsVisible = 0;
			defaultConfigurationName = Release;
		};
		955FE90B1CD0788600D607AC /* Build configuration list for PBXNativeTarget "UnityPurchasing" */ = {
			isa = XCConfigurationList;
			buildConfigurations = (
				955FE90C1CD0788600D607AC /* Debug */,
				955FE90D1CD0788600D607AC /* Release */,
			);
			defaultConfigurationIsVisible = 0;
			defaultConfigurationName = Release;
		};
/* End XCConfigurationList section */
	};
	rootObject = 955FE8FA1CD0788600D607AC /* Project object */;
}
